<?xml version="1.0" encoding="utf-8"?>
<Project ToolsVersion="4.0" xmlns="http://schemas.microsoft.com/developer/msbuild/2003">
  <ItemGroup>
    <Filter Include="Shader">
      <UniqueIdentifier>{5631c308-0b41-4363-8ff7-f21631376dd8}</UniqueIdentifier>
    </Filter>
    <Filter Include="Source">
      <UniqueIdentifier>{1e12cc09-b7a3-4282-aac0-103a5f9ed537}</UniqueIdentifier>
    </Filter>
    <Filter Include="Asset">
      <UniqueIdentifier>{6c32e38c-aa40-4d56-bddb-049ef8141c25}</UniqueIdentifier>
    </Filter>
    <Filter Include="Source\Core">
      <UniqueIdentifier>{1b6fe8a1-b331-4fd0-b4c7-4fb584aecd53}</UniqueIdentifier>
    </Filter>
    <Filter Include="Shader\color">
      <UniqueIdentifier>{9c5b9c1e-118b-45bb-846d-f072043638f0}</UniqueIdentifier>
    </Filter>
    <Filter Include="Shader\default">
      <UniqueIdentifier>{ada24010-440a-46e6-bc21-f58595629cba}</UniqueIdentifier>
    </Filter>
    <Filter Include="Shader\treeSprite">
      <UniqueIdentifier>{22e1cec0-38ef-4f3d-be54-ca47add5a712}</UniqueIdentifier>
    </Filter>
    <Filter Include="Shader\sphere">
      <UniqueIdentifier>{b672122a-94a4-4ad2-b81e-3112fc52756d}</UniqueIdentifier>
    </Filter>
    <Filter Include="Shader\visualNorm">
      <UniqueIdentifier>{64e9a85e-04b2-4045-969f-35f9b771a10a}</UniqueIdentifier>
    </Filter>
    <Filter Include="Shader\blur">
      <UniqueIdentifier>{ad0e128d-f576-4be9-beef-47015275bd04}</UniqueIdentifier>
    </Filter>
    <Filter Include="Shader\waves">
      <UniqueIdentifier>{cb45ee81-7c66-42bf-9782-b447d63ef677}</UniqueIdentifier>
    </Filter>
    <Filter Include="Shader\sobel">
      <UniqueIdentifier>{ff81f537-dcac-4d1f-a1f5-8d31f77e29d6}</UniqueIdentifier>
    </Filter>
    <Filter Include="Shader\tessellation">
      <UniqueIdentifier>{179fafcc-d892-4029-aa45-c36b1c5bc24d}</UniqueIdentifier>
    </Filter>
  </ItemGroup>
  <ItemGroup>
    <ClCompile Include="MyGame.cpp">
      <Filter>Source</Filter>
    </ClCompile>
    <ClCompile Include="D3DApp.cpp">
      <Filter>Source\Core</Filter>
    </ClCompile>
    <ClCompile Include="D3DUtil.cpp">
      <Filter>Source\Core</Filter>
    </ClCompile>
    <ClCompile Include="FrameResource.cpp">
      <Filter>Source\Core</Filter>
    </ClCompile>
    <ClCompile Include="GameTimer.cpp">
      <Filter>Source\Core</Filter>
    </ClCompile>
    <ClCompile Include="GeometryGenerator.cpp">
      <Filter>Source\Core</Filter>
    </ClCompile>
    <ClCompile Include="MathHelper.cpp">
      <Filter>Source\Core</Filter>
    </ClCompile>
    <ClCompile Include="BlurFilter.cpp">
      <Filter>Source\Core</Filter>
    </ClCompile>
    <ClCompile Include="Waves.cpp">
      <Filter>Source\Core</Filter>
    </ClCompile>
    <ClCompile Include="Filter.cpp">
      <Filter>Source\Core</Filter>
    </ClCompile>
    <ClCompile Include="SobelFilter.cpp">
      <Filter>Source\Core</Filter>
    </ClCompile>
    <ClCompile Include="MidwayTexture.cpp">
      <Filter>Source\Core</Filter>
    </ClCompile>
  </ItemGroup>
  <ItemGroup>
    <ClInclude Include="MyGame.h">
      <Filter>Source</Filter>
    </ClInclude>
    <ClInclude Include="D3DApp.h">
      <Filter>Source\Core</Filter>
    </ClInclude>
    <ClInclude Include="D3DUtil.h">
      <Filter>Source\Core</Filter>
    </ClInclude>
    <ClInclude Include="FrameResource.h">
      <Filter>Source\Core</Filter>
    </ClInclude>
    <ClInclude Include="GameTimer.h">
      <Filter>Source\Core</Filter>
    </ClInclude>
    <ClInclude Include="GeometryGenerator.h">
      <Filter>Source\Core</Filter>
    </ClInclude>
    <ClInclude Include="MathHelper.h">
      <Filter>Source\Core</Filter>
    </ClInclude>
    <ClInclude Include="UploadBuffer.h">
      <Filter>Source\Core</Filter>
    </ClInclude>
    <ClInclude Include="BlurFilter.h">
      <Filter>Source\Core</Filter>
    </ClInclude>
    <ClInclude Include="Waves.h">
      <Filter>Source\Core</Filter>
    </ClInclude>
    <ClInclude Include="Filter.h">
      <Filter>Source\Core</Filter>
    </ClInclude>
    <ClInclude Include="SobelFilter.h">
      <Filter>Source\Core</Filter>
    </ClInclude>
    <ClInclude Include="MidwayTexture.h">
      <Filter>Source\Core</Filter>
    </ClInclude>
  </ItemGroup>
  <ItemGroup>
    <FxCompile Include="shader\colorVS.hlsl">
      <Filter>Shader\color</Filter>
    </FxCompile>
    <FxCompile Include="shader\colorPS.hlsl">
      <Filter>Shader\color</Filter>
    </FxCompile>
    <FxCompile Include="Shader\alphaTestedPS.hlsl">
      <Filter>Shader\default</Filter>
    </FxCompile>
    <FxCompile Include="shader\defaultPS.hlsl">
      <Filter>Shader\default</Filter>
    </FxCompile>
    <FxCompile Include="shader\defaultVS.hlsl">
      <Filter>Shader\default</Filter>
    </FxCompile>
    <FxCompile Include="Shader\treeSpriteVS.hlsl">
      <Filter>Shader\treeSprite</Filter>
    </FxCompile>
    <FxCompile Include="Shader\treeSpriteGS.hlsl">
      <Filter>Shader\treeSprite</Filter>
    </FxCompile>
    <FxCompile Include="Shader\treeSpritePS.hlsl">
      <Filter>Shader\treeSprite</Filter>
    </FxCompile>
    <FxCompile Include="Shader\sphereGS.hlsl">
      <Filter>Shader\sphere</Filter>
    </FxCompile>
    <FxCompile Include="Shader\sphereVS.hlsl">
      <Filter>Shader\sphere</Filter>
    </FxCompile>
    <FxCompile Include="Shader\spherePS.hlsl">
      <Filter>Shader\sphere</Filter>
    </FxCompile>
    <FxCompile Include="Shader\visNormVS.hlsl">
      <Filter>Shader\visualNorm</Filter>
    </FxCompile>
    <FxCompile Include="Shader\visNormGS.hlsl">
      <Filter>Shader\visualNorm</Filter>
    </FxCompile>
    <FxCompile Include="Shader\visNormPS.hlsl">
      <Filter>Shader\visualNorm</Filter>
    </FxCompile>
    <FxCompile Include="Shader\horzBlurCS.hlsl">
      <Filter>Shader\blur</Filter>
    </FxCompile>
    <FxCompile Include="Shader\vertBlurCS.hlsl">
      <Filter>Shader\blur</Filter>
    </FxCompile>
    <FxCompile Include="Shader\wavesUpdateCS.hlsl">
      <Filter>Shader\waves</Filter>
    </FxCompile>
    <FxCompile Include="Shader\wavesDisturbCS.hlsl">
      <Filter>Shader\waves</Filter>
    </FxCompile>
    <FxCompile Include="Shader\wavesVS.hlsl">
      <Filter>Shader\waves</Filter>
    </FxCompile>
    <FxCompile Include="Shader\sobelCS.hlsl">
      <Filter>Shader\sobel</Filter>
    </FxCompile>
    <FxCompile Include="Shader\compositeVS.hlsl">
      <Filter>Shader\sobel</Filter>
    </FxCompile>
    <FxCompile Include="Shader\compositePS.hlsl">
      <Filter>Shader\sobel</Filter>
    </FxCompile>
    <FxCompile Include="Shader\tessVS.hlsl">
      <Filter>Shader\tessellation</Filter>
    </FxCompile>
    <FxCompile Include="Shader\tessHS.hlsl">
      <Filter>Shader\tessellation</Filter>
    </FxCompile>
    <FxCompile Include="Shader\tessDS.hlsl">
      <Filter>Shader\tessellation</Filter>
    </FxCompile>
    <FxCompile Include="Shader\tessPS.hlsl">
      <Filter>Shader\tessellation</Filter>
    </FxCompile>
  </ItemGroup>
  <ItemGroup>
    <None Include="shader\color.hlsli">
      <Filter>Shader\color</Filter>
    </None>
    <None Include="shader\default.hlsli">
      <Filter>Shader\default</Filter>
    </None>
    <None Include="shader\lightingUtil.hlsli">
      <Filter>Shader\default</Filter>
    </None>
    <None Include="Shader\treeSprite.hlsli">
      <Filter>Shader\treeSprite</Filter>
    </None>
    <None Include="Shader\sphere.hlsli">
      <Filter>Shader\sphere</Filter>
    </None>
    <None Include="Shader\visNorm.hlsli">
      <Filter>Shader\visualNorm</Filter>
    </None>
    <None Include="Shader\blur.hlsli">
      <Filter>Shader\blur</Filter>
    </None>
    <None Include="Shader\waveSim.hlsli">
      <Filter>Shader\waves</Filter>
    </None>
    <None Include="Shader\composite.hlsli">
      <Filter>Shader\sobel</Filter>
    </None>
    <None Include="Shader\tessellation.hlsli">
      <Filter>Shader\tessellation</Filter>
    </None>
  </ItemGroup>
  <ItemGroup>
    <CopyFileToFolders Include="Textures\bricks.dds">
      <Filter>Asset</Filter>
    </CopyFileToFolders>
    <CopyFileToFolders Include="Textures\bricks_nmap.dds">
      <Filter>Asset</Filter>
    </CopyFileToFolders>
    <CopyFileToFolders Include="Textures\bricks2.dds">
      <Filter>Asset</Filter>
    </CopyFileToFolders>
    <CopyFileToFolders Include="Textures\bricks2_nmap.dds">
      <Filter>Asset</Filter>
    </CopyFileToFolders>
    <CopyFileToFolders Include="Textures\bricks3.dds">
      <Filter>Asset</Filter>
    </CopyFileToFolders>
    <CopyFileToFolders Include="Textures\checkboard.dds">
      <Filter>Asset</Filter>
    </CopyFileToFolders>
    <CopyFileToFolders Include="Textures\default_nmap.dds">
      <Filter>Asset</Filter>
    </CopyFileToFolders>
    <CopyFileToFolders Include="Textures\desertcube1024.dds">
      <Filter>Asset</Filter>
    </CopyFileToFolders>
    <CopyFileToFolders Include="Textures\grass.dds">
      <Filter>Asset</Filter>
    </CopyFileToFolders>
    <CopyFileToFolders Include="Textures\grasscube1024.dds">
      <Filter>Asset</Filter>
    </CopyFileToFolders>
    <CopyFileToFolders Include="Textures\head_diff.dds">
      <Filter>Asset</Filter>
    </CopyFileToFolders>
    <CopyFileToFolders Include="Textures\head_norm.dds">
      <Filter>Asset</Filter>
    </CopyFileToFolders>
    <CopyFileToFolders Include="Textures\ice.dds">
      <Filter>Asset</Filter>
    </CopyFileToFolders>
    <CopyFileToFolders Include="Textures\jacket_diff.dds">
      <Filter>Asset</Filter>
    </CopyFileToFolders>
    <CopyFileToFolders Include="Textures\jacket_norm.dds">
      <Filter>Asset</Filter>
    </CopyFileToFolders>
    <CopyFileToFolders Include="Textures\pants_diff.dds">
      <Filter>Asset</Filter>
    </CopyFileToFolders>
    <CopyFileToFolders Include="Textures\pants_norm.dds">
      <Filter>Asset</Filter>
    </CopyFileToFolders>
    <CopyFileToFolders Include="Textures\snowcube1024.dds">
      <Filter>Asset</Filter>
    </CopyFileToFolders>
    <CopyFileToFolders Include="Textures\stone.dds">
      <Filter>Asset</Filter>
    </CopyFileToFolders>
    <CopyFileToFolders Include="Textures\sunsetcube1024.dds">
      <Filter>Asset</Filter>
    </CopyFileToFolders>
    <CopyFileToFolders Include="Textures\tile.dds">
      <Filter>Asset</Filter>
    </CopyFileToFolders>
    <CopyFileToFolders Include="Textures\tile_nmap.dds">
      <Filter>Asset</Filter>
    </CopyFileToFolders>
    <CopyFileToFolders Include="Textures\tree0.bmp">
      <Filter>Asset</Filter>
    </CopyFileToFolders>
    <CopyFileToFolders Include="Textures\tree01S.dds">
      <Filter>Asset</Filter>
    </CopyFileToFolders>
    <CopyFileToFolders Include="Textures\tree1.bmp">
      <Filter>Asset</Filter>
    </CopyFileToFolders>
    <CopyFileToFolders Include="Textures\tree02S.dds">
      <Filter>Asset</Filter>
    </CopyFileToFolders>
    <CopyFileToFolders Include="Textures\tree2.bmp">
      <Filter>Asset</Filter>
    </CopyFileToFolders>
    <CopyFileToFolders Include="Textures\tree35S.dds">
      <Filter>Asset</Filter>
    </CopyFileToFolders>
    <CopyFileToFolders Include="Textures\treearray.dds">
      <Filter>Asset</Filter>
    </CopyFileToFolders>
    <CopyFileToFolders Include="Textures\treeArray2.dds">
      <Filter>Asset</Filter>
    </CopyFileToFolders>
    <CopyFileToFolders Include="Textures\upBody_diff.dds">
      <Filter>Asset</Filter>
    </CopyFileToFolders>
    <CopyFileToFolders Include="Textures\upbody_norm.dds">
      <Filter>Asset</Filter>
    </CopyFileToFolders>
    <CopyFileToFolders Include="Textures\water1.dds">
      <Filter>Asset</Filter>
    </CopyFileToFolders>
    <CopyFileToFolders Include="Textures\white1x1.dds">
      <Filter>Asset</Filter>
    </CopyFileToFolders>
    <CopyFileToFolders Include="Textures\WireFence.dds">
      <Filter>Asset</Filter>
    </CopyFileToFolders>
    <CopyFileToFolders Include="Textures\WoodCrate01.dds">
      <Filter>Asset</Filter>
    </CopyFileToFolders>
    <CopyFileToFolders Include="Textures\WoodCrate02.dds">
      <Filter>Asset</Filter>
    </CopyFileToFolders>
    <CopyFileToFolders Include="Textures\grass12.dds">
      <Filter>Asset</Filter>
    </CopyFileToFolders>
    <CopyFileToFolders Include="Textures\juice.dds">
      <Filter>Asset</Filter>
    </CopyFileToFolders>
  </ItemGroup>
</Project>